
Microsoft Visual Studio Solution File, Format Version 12.00
# Visual Studio Version 17
VisualStudioVersion = 17.14.36511.14 d17.14
MinimumVisualStudioVersion = 10.0.40219.1
Project("{FAE04EC0-301F-11D3-BF4B-00C04F79EFBC}") = "courseworkGUI", "courseworkGUI.csproj", "{729AD2DB-F2BD-4A7A-B9E5-F58E5A0A989D}"
EndProject
Global
	GlobalSection(SolutionConfigurationPlatforms) = preSolution
		Debug|Any CPU = Debug|Any CPU
		Release|Any CPU = Release|Any CPU
	EndGlobalSection
	GlobalSection(ProjectConfigurationPlatforms) = postSolution
		{729AD2DB-F2BD-4A7A-B9E5-F58E5A0A989D}.Debug|Any CPU.ActiveCfg = Debug|Any CPU
		{729AD2DB-F2BD-4A7A-B9E5-F58E5A0A989D}.Debug|Any CPU.Build.0 = Debug|Any CPU
		{729AD2DB-F2BD-4A7A-B9E5-F58E5A0A989D}.Release|Any CPU.ActiveCfg = Release|Any CPU
		{729AD2DB-F2BD-4A7A-B9E5-F58E5A0A989D}.Release|Any CPU.Build.0 = Release|Any CPU
	EndGlobalSection
	GlobalSection(SolutionProperties) = preSolution
		HideSolutionNode = FALSE
	EndGlobalSection
	GlobalSection(ExtensibilityGlobals) = postSolution
		SolutionGuid = {5CDF4AC5-50CD-4CB5-9FFC-DBACEC5F02CB}
	EndGlobalSection
EndGlobal
