
Microsoft Visual Studio Solution File, Format Version 12.00
# Visual Studio Version 17
VisualStudioVersion = 17.14.36511.14 d17.14
MinimumVisualStudioVersion = 10.0.40219.1
Project("{FAE04EC0-301F-11D3-BF4B-00C04F79EFBC}") = "Lecture7_GUI_TEXT", "Lecture7_GUI_TEXT.csproj", "{4ECAEED0-D674-44B4-8953-9F6DB86A8719}"
EndProject
Global
	GlobalSection(SolutionConfigurationPlatforms) = preSolution
		Debug|Any CPU = Debug|Any CPU
		Release|Any CPU = Release|Any CPU
	EndGlobalSection
	GlobalSection(ProjectConfigurationPlatforms) = postSolution
		{4ECAEED0-D674-44B4-8953-9F6DB86A8719}.Debug|Any CPU.ActiveCfg = Debug|Any CPU
		{4ECAEED0-D674-44B4-8953-9F6DB86A8719}.Debug|Any CPU.Build.0 = Debug|Any CPU
		{4ECAEED0-D674-44B4-8953-9F6DB86A8719}.Release|Any CPU.ActiveCfg = Release|Any CPU
		{4ECAEED0-D674-44B4-8953-9F6DB86A8719}.Release|Any CPU.Build.0 = Release|Any CPU
	EndGlobalSection
	GlobalSection(SolutionProperties) = preSolution
		HideSolutionNode = FALSE
	EndGlobalSection
	GlobalSection(ExtensibilityGlobals) = postSolution
		SolutionGuid = {AFFAD76F-A6C1-4946-AE67-5E13D676BD5B}
	EndGlobalSection
EndGlobal
